
Microsoft Visual Studio Solution File, Format Version 12.00
# Visual Studio Version 16
VisualStudioVersion = 16.0.30002.166
MinimumVisualStudioVersion = 10.0.40219.1
Project("{9A19103F-16F7-4668-BE54-9A1E7A4F7556}") = "mc_serverman", "mc_serverman.csproj", "{1BAA1658-10C3-4F52-A4CA-9ED65DAB5B32}"
EndProject
Global
	GlobalSection(SolutionConfigurationPlatforms) = preSolution
		Debug|Any CPU = Debug|Any CPU
		Release|Any CPU = Release|Any CPU
	EndGlobalSection
	GlobalSection(ProjectConfigurationPlatforms) = postSolution
		{1BAA1658-10C3-4F52-A4CA-9ED65DAB5B32}.Debug|Any CPU.ActiveCfg = Debug|Any CPU
		{1BAA1658-10C3-4F52-A4CA-9ED65DAB5B32}.Debug|Any CPU.Build.0 = Debug|Any CPU
		{1BAA1658-10C3-4F52-A4CA-9ED65DAB5B32}.Release|Any CPU.ActiveCfg = Release|Any CPU
		{1BAA1658-10C3-4F52-A4CA-9ED65DAB5B32}.Release|Any CPU.Build.0 = Release|Any CPU
	EndGlobalSection
	GlobalSection(SolutionProperties) = preSolution
		HideSolutionNode = FALSE
	EndGlobalSection
	GlobalSection(ExtensibilityGlobals) = postSolution
		SolutionGuid = {B42084F9-0119-4A22-8BAD-79F1BA37F6E7}
	EndGlobalSection
EndGlobal
